// !$*UTF8*$!
{
	archiveVersion = 1;
	classes = {
	};
	objectVersion = 46;
	objects = {

/* Begin PBXBuildFile section */
		847188E01EA8C6810030F9A8 /* AppDelegate.swift in Sources */ = {isa = PBXBuildFile; fileRef = 847188DF1EA8C6810030F9A8 /* AppDelegate.swift */; };
		847188E21EA8C6810030F9A8 /* SearchViewController.swift in Sources */ = {isa = PBXBuildFile; fileRef = 847188E11EA8C6810030F9A8 /* SearchViewController.swift */; };
		847188E51EA8C6810030F9A8 /* Main.storyboard in Resources */ = {isa = PBXBuildFile; fileRef = 847188E31EA8C6810030F9A8 /* Main.storyboard */; };
		847188E81EA8C6810030F9A8 /* EtsyTestTask.xcdatamodeld in Sources */ = {isa = PBXBuildFile; fileRef = 847188E61EA8C6810030F9A8 /* EtsyTestTask.xcdatamodeld */; };
		847188EA1EA8C6810030F9A8 /* Assets.xcassets in Resources */ = {isa = PBXBuildFile; fileRef = 847188E91EA8C6810030F9A8 /* Assets.xcassets */; };
		847188ED1EA8C6810030F9A8 /* LaunchScreen.storyboard in Resources */ = {isa = PBXBuildFile; fileRef = 847188EB1EA8C6810030F9A8 /* LaunchScreen.storyboard */; };
		84C3A25B1EA8FE6E004B1A62 /* EtsyModel.swift in Sources */ = {isa = PBXBuildFile; fileRef = 84C3A25A1EA8FE6E004B1A62 /* EtsyModel.swift */; };
		C0BDF421EA8C869DB6B3C8F7 /* Pods_EtsyTestTask.framework in Frameworks */ = {isa = PBXBuildFile; fileRef = 813D4F093EB2163C7E9C5C7F /* Pods_EtsyTestTask.framework */; };
/* End PBXBuildFile section */

/* Begin PBXFileReference section */
		4AE73ADB2B397AE91304D66A /* Pods-EtsyTestTask.debug.xcconfig */ = {isa = PBXFileReference; includeInIndex = 1; lastKnownFileType = text.xcconfig; name = "Pods-EtsyTestTask.debug.xcconfig"; path = "Pods/Target Support Files/Pods-EtsyTestTask/Pods-EtsyTestTask.debug.xcconfig"; sourceTree = "<group>"; };
		813D4F093EB2163C7E9C5C7F /* Pods_EtsyTestTask.framework */ = {isa = PBXFileReference; explicitFileType = wrapper.framework; includeInIndex = 0; path = Pods_EtsyTestTask.framework; sourceTree = BUILT_PRODUCTS_DIR; };
		847188DC1EA8C6810030F9A8 /* EtsyTestTask.app */ = {isa = PBXFileReference; explicitFileType = wrapper.application; includeInIndex = 0; path = EtsyTestTask.app; sourceTree = BUILT_PRODUCTS_DIR; };
		847188DF1EA8C6810030F9A8 /* AppDelegate.swift */ = {isa = PBXFileReference; lastKnownFileType = sourcecode.swift; path = AppDelegate.swift; sourceTree = "<group>"; };
		847188E11EA8C6810030F9A8 /* SearchViewController.swift */ = {isa = PBXFileReference; lastKnownFileType = sourcecode.swift; path = SearchViewController.swift; sourceTree = "<group>"; };
		847188E41EA8C6810030F9A8 /* Base */ = {isa = PBXFileReference; lastKnownFileType = file.storyboard; name = Base; path = Base.lproj/Main.storyboard; sourceTree = "<group>"; };
		847188E71EA8C6810030F9A8 /* EtsyTestTask.xcdatamodel */ = {isa = PBXFileReference; lastKnownFileType = wrapper.xcdatamodel; path = EtsyTestTask.xcdatamodel; sourceTree = "<group>"; };
		847188E91EA8C6810030F9A8 /* Assets.xcassets */ = {isa = PBXFileReference; lastKnownFileType = folder.assetcatalog; path = Assets.xcassets; sourceTree = "<group>"; };
		847188EC1EA8C6810030F9A8 /* Base */ = {isa = PBXFileReference; lastKnownFileType = file.storyboard; name = Base; path = Base.lproj/LaunchScreen.storyboard; sourceTree = "<group>"; };
		847188EE1EA8C6810030F9A8 /* Info.plist */ = {isa = PBXFileReference; lastKnownFileType = text.plist.xml; path = Info.plist; sourceTree = "<group>"; };
		84C3A25A1EA8FE6E004B1A62 /* EtsyModel.swift */ = {isa = PBXFileReference; fileEncoding = 4; lastKnownFileType = sourcecode.swift; path = EtsyModel.swift; sourceTree = "<group>"; };
		F9B692BAE50807A09ECC414F /* Pods-EtsyTestTask.release.xcconfig */ = {isa = PBXFileReference; includeInIndex = 1; lastKnownFileType = text.xcconfig; name = "Pods-EtsyTestTask.release.xcconfig"; path = "Pods/Target Support Files/Pods-EtsyTestTask/Pods-EtsyTestTask.release.xcconfig"; sourceTree = "<group>"; };
/* End PBXFileReference section */

/* Begin PBXFrameworksBuildPhase section */
		847188D91EA8C6810030F9A8 /* Frameworks */ = {
			isa = PBXFrameworksBuildPhase;
			buildActionMask = 2147483647;
			files = (
				C0BDF421EA8C869DB6B3C8F7 /* Pods_EtsyTestTask.framework in Frameworks */,
			);
			runOnlyForDeploymentPostprocessing = 0;
		};
/* End PBXFrameworksBuildPhase section */

/* Begin PBXGroup section */
		83661379D23D4A8ECEE0CB93 /* Frameworks */ = {
			isa = PBXGroup;
			children = (
				813D4F093EB2163C7E9C5C7F /* Pods_EtsyTestTask.framework */,
			);
			name = Frameworks;
			sourceTree = "<group>";
		};
		847188D31EA8C6810030F9A8 = {
			isa = PBXGroup;
			children = (
				847188DE1EA8C6810030F9A8 /* EtsyTestTask */,
				847188DD1EA8C6810030F9A8 /* Products */,
				B51DC338C27A5EE340A160D3 /* Pods */,
				83661379D23D4A8ECEE0CB93 /* Frameworks */,
			);
			sourceTree = "<group>";
		};
		847188DD1EA8C6810030F9A8 /* Products */ = {
			isa = PBXGroup;
			children = (
				847188DC1EA8C6810030F9A8 /* EtsyTestTask.app */,
			);
			name = Products;
			sourceTree = "<group>";
		};
		847188DE1EA8C6810030F9A8 /* EtsyTestTask */ = {
			isa = PBXGroup;
			children = (
				847188DF1EA8C6810030F9A8 /* AppDelegate.swift */,
				847188E11EA8C6810030F9A8 /* SearchViewController.swift */,
				84C3A25A1EA8FE6E004B1A62 /* EtsyModel.swift */,
				847188E31EA8C6810030F9A8 /* Main.storyboard */,
				847188E91EA8C6810030F9A8 /* Assets.xcassets */,
				847188EB1EA8C6810030F9A8 /* LaunchScreen.storyboard */,
				847188EE1EA8C6810030F9A8 /* Info.plist */,
				847188E61EA8C6810030F9A8 /* EtsyTestTask.xcdatamodeld */,
			);
			path = EtsyTestTask;
			sourceTree = "<group>";
		};
		B51DC338C27A5EE340A160D3 /* Pods */ = {
			isa = PBXGroup;
			children = (
				4AE73ADB2B397AE91304D66A /* Pods-EtsyTestTask.debug.xcconfig */,
				F9B692BAE50807A09ECC414F /* Pods-EtsyTestTask.release.xcconfig */,
			);
			name = Pods;
			sourceTree = "<group>";
		};
/* End PBXGroup section */

/* Begin PBXNativeTarget section */
		847188DB1EA8C6810030F9A8 /* EtsyTestTask */ = {
			isa = PBXNativeTarget;
			buildConfigurationList = 847188F11EA8C6810030F9A8 /* Build configuration list for PBXNativeTarget "EtsyTestTask" */;
			buildPhases = (
				160BA73C2323A33307B5F0B5 /* [CP] Check Pods Manifest.lock */,
				847188D81EA8C6810030F9A8 /* Sources */,
				847188D91EA8C6810030F9A8 /* Frameworks */,
				847188DA1EA8C6810030F9A8 /* Resources */,
				03F88AC5C5F1F73FF8F5E143 /* [CP] Embed Pods Frameworks */,
				BC7F79E4E84170A2645F6D5D /* [CP] Copy Pods Resources */,
			);
			buildRules = (
			);
			dependencies = (
			);
			name = EtsyTestTask;
			productName = EtsyTestTask;
			productReference = 847188DC1EA8C6810030F9A8 /* EtsyTestTask.app */;
			productType = "com.apple.product-type.application";
		};
/* End PBXNativeTarget section */

/* Begin PBXProject section */
		847188D41EA8C6810030F9A8 /* Project object */ = {
			isa = PBXProject;
			attributes = {
				LastSwiftUpdateCheck = 0830;
				LastUpgradeCheck = 0830;
				ORGANIZATIONNAME = rusel95;
				TargetAttributes = {
					847188DB1EA8C6810030F9A8 = {
						CreatedOnToolsVersion = 8.3;
						DevelopmentTeam = FWHF624C4H;
						ProvisioningStyle = Automatic;
					};
				};
			};
			buildConfigurationList = 847188D71EA8C6810030F9A8 /* Build configuration list for PBXProject "EtsyTestTask" */;
			compatibilityVersion = "Xcode 3.2";
			developmentRegion = English;
			hasScannedForEncodings = 0;
			knownRegions = (
				en,
				Base,
			);
			mainGroup = 847188D31EA8C6810030F9A8;
			productRefGroup = 847188DD1EA8C6810030F9A8 /* Products */;
			projectDirPath = "";
			projectRoot = "";
			targets = (
				847188DB1EA8C6810030F9A8 /* EtsyTestTask */,
			);
		};
/* End PBXProject section */

/* Begin PBXResourcesBuildPhase section */
		847188DA1EA8C6810030F9A8 /* Resources */ = {
			isa = PBXResourcesBuildPhase;
			buildActionMask = 2147483647;
			files = (
				847188ED1EA8C6810030F9A8 /* LaunchScreen.storyboard in Resources */,
				847188EA1EA8C6810030F9A8 /* Assets.xcassets in Resources */,
				847188E51EA8C6810030F9A8 /* Main.storyboard in Resources */,
			);
			runOnlyForDeploymentPostprocessing = 0;
		};
/* End PBXResourcesBuildPhase section */

/* Begin PBXShellScriptBuildPhase section */
		03F88AC5C5F1F73FF8F5E143 /* [CP] Embed Pods Frameworks */ = {
			isa = PBXShellScriptBuildPhase;
			buildActionMask = 2147483647;
			files = (
			);
			inputPaths = (
			);
			name = "[CP] Embed Pods Frameworks";
			outputPaths = (
			);
			runOnlyForDeploymentPostprocessing = 0;
			shellPath = /bin/sh;
			shellScript = "\"${SRCROOT}/Pods/Target Support Files/Pods-EtsyTestTask/Pods-EtsyTestTask-frameworks.sh\"\n";
			showEnvVarsInLog = 0;
		};
		160BA73C2323A33307B5F0B5 /* [CP] Check Pods Manifest.lock */ = {
			isa = PBXShellScriptBuildPhase;
			buildActionMask = 2147483647;
			files = (
			);
			inputPaths = (
			);
			name = "[CP] Check Pods Manifest.lock";
			outputPaths = (
			);
			runOnlyForDeploymentPostprocessing = 0;
			shellPath = /bin/sh;
			shellScript = "diff \"${PODS_ROOT}/../Podfile.lock\" \"${PODS_ROOT}/Manifest.lock\" > /dev/null\nif [ $? != 0 ] ; then\n    # print error to STDERR\n    echo \"error: The sandbox is not in sync with the Podfile.lock. Run 'pod install' or update your CocoaPods installation.\" >&2\n    exit 1\nfi\n";
			showEnvVarsInLog = 0;
		};
		BC7F79E4E84170A2645F6D5D /* [CP] Copy Pods Resources */ = {
			isa = PBXShellScriptBuildPhase;
			buildActionMask = 2147483647;
			files = (
			);
			inputPaths = (
			);
			name = "[CP] Copy Pods Resources";
			outputPaths = (
			);
			runOnlyForDeploymentPostprocessing = 0;
			shellPath = /bin/sh;
			shellScript = "\"${SRCROOT}/Pods/Target Support Files/Pods-EtsyTestTask/Pods-EtsyTestTask-resources.sh\"\n";
			showEnvVarsInLog = 0;
		};
/* End PBXShellScriptBuildPhase section */

/* Begin PBXSourcesBuildPhase section */
		847188D81EA8C6810030F9A8 /* Sources */ = {
			isa = PBXSourcesBuildPhase;
			buildActionMask = 2147483647;
			files = (
				847188E21EA8C6810030F9A8 /* SearchViewController.swift in Sources */,
				847188E81EA8C6810030F9A8 /* EtsyTestTask.xcdatamodeld in Sources */,
				847188E01EA8C6810030F9A8 /* AppDelegate.swift in Sources */,
				84C3A25B1EA8FE6E004B1A62 /* EtsyModel.swift in Sources */,
			);
			runOnlyForDeploymentPostprocessing = 0;
		};
/* End PBXSourcesBuildPhase section */

/* Begin PBXVariantGroup section */
		847188E31EA8C6810030F9A8 /* Main.storyboard */ = {
			isa = PBXVariantGroup;
			children = (
				847188E41EA8C6810030F9A8 /* Base */,
			);
			name = Main.storyboard;
			sourceTree = "<group>";
		};
		847188EB1EA8C6810030F9A8 /* LaunchScreen.storyboard */ = {
			isa = PBXVariantGroup;
			children = (
				847188EC1EA8C6810030F9A8 /* Base */,
			);
			name = LaunchScreen.storyboard;
			sourceTree = "<group>";
		};
/* End PBXVariantGroup section */

/* Begin XCBuildConfiguration section */
		847188EF1EA8C6810030F9A8 /* Debug */ = {
			isa = XCBuildConfiguration;
			buildSettings = {
				ALWAYS_SEARCH_USER_PATHS = NO;
				CLANG_ANALYZER_NONNULL = YES;
				CLANG_ANALYZER_NUMBER_OBJECT_CONVERSION = YES_AGGRESSIVE;
				CLANG_CXX_LANGUAGE_STANDARD = "gnu++0x";
				CLANG_CXX_LIBRARY = "libc++";
				CLANG_ENABLE_MODULES = YES;
				CLANG_ENABLE_OBJC_ARC = YES;
				CLANG_WARN_BOOL_CONVERSION = YES;
				CLANG_WARN_CONSTANT_CONVERSION = YES;
				CLANG_WARN_DIRECT_OBJC_ISA_USAGE = YES_ERROR;
				CLANG_WARN_DOCUMENTATION_COMMENTS = YES;
				CLANG_WARN_EMPTY_BODY = YES;
				CLANG_WARN_ENUM_CONVERSION = YES;
				CLANG_WARN_INFINITE_RECURSION = YES;
				CLANG_WARN_INT_CONVERSION = YES;
				CLANG_WARN_OBJC_ROOT_CLASS = YES_ERROR;
				CLANG_WARN_SUSPICIOUS_MOVE = YES;
				CLANG_WARN_UNREACHABLE_CODE = YES;
				CLANG_WARN__DUPLICATE_METHOD_MATCH = YES;
				"CODE_SIGN_IDENTITY[sdk=iphoneos*]" = "iPhone Developer";
				COPY_PHASE_STRIP = NO;
				DEBUG_INFORMATION_FORMAT = dwarf;
				ENABLE_STRICT_OBJC_MSGSEND = YES;
				ENABLE_TESTABILITY = YES;
				GCC_C_LANGUAGE_STANDARD = gnu99;
				GCC_DYNAMIC_NO_PIC = NO;
				GCC_NO_COMMON_BLOCKS = YES;
				GCC_OPTIMIZATION_LEVEL = 0;
				GCC_PREPROCESSOR_DEFINITIONS = (
					"DEBUG=1",
					"$(inherited)",
				);
				GCC_WARN_64_TO_32_BIT_CONVERSION = YES;
				GCC_WARN_ABOUT_RETURN_TYPE = YES_ERROR;
				GCC_WARN_UNDECLARED_SELECTOR = YES;
				GCC_WARN_UNINITIALIZED_AUTOS = YES_AGGRESSIVE;
				GCC_WARN_UNUSED_FUNCTION = YES;
				GCC_WARN_UNUSED_VARIABLE = YES;
				IPHONEOS_DEPLOYMENT_TARGET = 10.3;
				MTL_ENABLE_DEBUG_INFO = YES;
				ONLY_ACTIVE_ARCH = YES;
				SDKROOT = iphoneos;
				SWIFT_ACTIVE_COMPILATION_CONDITIONS = DEBUG;
				SWIFT_OPTIMIZATION_LEVEL = "-Onone";
			};
			name = Debug;
		};
		847188F01EA8C6810030F9A8 /* Release */ = {
			isa = XCBuildConfiguration;
			buildSettings = {
				ALWAYS_SEARCH_USER_PATHS = NO;
				CLANG_ANALYZER_NONNULL = YES;
				CLANG_ANALYZER_NUMBER_OBJECT_CONVERSION = YES_AGGRESSIVE;
				CLANG_CXX_LANGUAGE_STANDARD = "gnu++0x";
				CLANG_CXX_LIBRARY = "libc++";
				CLANG_ENABLE_MODULES = YES;
				CLANG_ENABLE_OBJC_ARC = YES;
				CLANG_WARN_BOOL_CONVERSION = YES;
				CLANG_WARN_CONSTANT_CONVERSION = YES;
				CLANG_WARN_DIRECT_OBJC_ISA_USAGE = YES_ERROR;
				CLANG_WARN_DOCUMENTATION_COMMENTS = YES;
				CLANG_WARN_EMPTY_BODY = YES;
				CLANG_WARN_ENUM_CONVERSION = YES;
				CLANG_WARN_INFINITE_RECURSION = YES;
				CLANG_WARN_INT_CONVERSION = YES;
				CLANG_WARN_OBJC_ROOT_CLASS = YES_ERROR;
				CLANG_WARN_SUSPICIOUS_MOVE = YES;
				CLANG_WARN_UNREACHABLE_CODE = YES;
				CLANG_WARN__DUPLICATE_METHOD_MATCH = YES;
				"CODE_SIGN_IDENTITY[sdk=iphoneos*]" = "iPhone Developer";
				COPY_PHASE_STRIP = NO;
				DEBUG_INFORMATION_FORMAT = "dwarf-with-dsym";
				ENABLE_NS_ASSERTIONS = NO;
				ENABLE_STRICT_OBJC_MSGSEND = YES;
				GCC_C_LANGUAGE_STANDARD = gnu99;
				GCC_NO_COMMON_BLOCKS = YES;
				GCC_WARN_64_TO_32_BIT_CONVERSION = YES;
				GCC_WARN_ABOUT_RETURN_TYPE = YES_ERROR;
				GCC_WARN_UNDECLARED_SELECTOR = YES;
				GCC_WARN_UNINITIALIZED_AUTOS = YES_AGGRESSIVE;
				GCC_WARN_UNUSED_FUNCTION = YES;
				GCC_WARN_UNUSED_VARIABLE = YES;
				IPHONEOS_DEPLOYMENT_TARGET = 10.3;
				MTL_ENABLE_DEBUG_INFO = NO;
				SDKROOT = iphoneos;
				SWIFT_OPTIMIZATION_LEVEL = "-Owholemodule";
				VALIDATE_PRODUCT = YES;
			};
			name = Release;
		};
		847188F21EA8C6810030F9A8 /* Debug */ = {
			isa = XCBuildConfiguration;
			baseConfigurationReference = 4AE73ADB2B397AE91304D66A /* Pods-EtsyTestTask.debug.xcconfig */;
			buildSettings = {
				ASSETCATALOG_COMPILER_APPICON_NAME = AppIcon;
				DEVELOPMENT_TEAM = FWHF624C4H;
				INFOPLIST_FILE = EtsyTestTask/Info.plist;
				IPHONEOS_DEPLOYMENT_TARGET = 10.0;
				LD_RUNPATH_SEARCH_PATHS = "$(inherited) @executable_path/Frameworks";
				PRODUCT_BUNDLE_IDENTIFIER = com.rusel95.EtsyTestTask;
				PRODUCT_NAME = "$(TARGET_NAME)";
				SWIFT_VERSION = 3.0;
			};
			name = Debug;
		};
		847188F31EA8C6810030F9A8 /* Release */ = {
			isa = XCBuildConfiguration;
			baseConfigurationReference = F9B692BAE50807A09ECC414F /* Pods-EtsyTestTask.release.xcconfig */;
			buildSettings = {
				ASSETCATALOG_COMPILER_APPICON_NAME = AppIcon;
				DEVELOPMENT_TEAM = FWHF624C4H;
				INFOPLIST_FILE = EtsyTestTask/Info.plist;
				IPHONEOS_DEPLOYMENT_TARGET = 10.0;
				LD_RUNPATH_SEARCH_PATHS = "$(inherited) @executable_path/Frameworks";
				PRODUCT_BUNDLE_IDENTIFIER = com.rusel95.EtsyTestTask;
				PRODUCT_NAME = "$(TARGET_NAME)";
				SWIFT_VERSION = 3.0;
			};
			name = Release;
		};
/* End XCBuildConfiguration section */

/* Begin XCConfigurationList section */
		847188D71EA8C6810030F9A8 /* Build configuration list for PBXProject "EtsyTestTask" */ = {
			isa = XCConfigurationList;
			buildConfigurations = (
				847188EF1EA8C6810030F9A8 /* Debug */,
				847188F01EA8C6810030F9A8 /* Release */,
			);
			defaultConfigurationIsVisible = 0;
			defaultConfigurationName = Release;
		};
		847188F11EA8C6810030F9A8 /* Build configuration list for PBXNativeTarget "EtsyTestTask" */ = {
			isa = XCConfigurationList;
			buildConfigurations = (
				847188F21EA8C6810030F9A8 /* Debug */,
				847188F31EA8C6810030F9A8 /* Release */,
			);
			defaultConfigurationIsVisible = 0;
			defaultConfigurationName = Release;
		};
/* End XCConfigurationList section */

/* Begin XCVersionGroup section */
		847188E61EA8C6810030F9A8 /* EtsyTestTask.xcdatamodeld */ = {
			isa = XCVersionGroup;
			children = (
				847188E71EA8C6810030F9A8 /* EtsyTestTask.xcdatamodel */,
			);
			currentVersion = 847188E71EA8C6810030F9A8 /* EtsyTestTask.xcdatamodel */;
			path = EtsyTestTask.xcdatamodeld;
			sourceTree = "<group>";
			versionGroupType = wrapper.xcdatamodel;
		};
/* End XCVersionGroup section */
	};
	rootObject = 847188D41EA8C6810030F9A8 /* Project object */;
}
